
Microsoft Visual Studio Solution File, Format Version 12.00
# Visual Studio 15
VisualStudioVersion = 15.0.27703.2042
MinimumVisualStudioVersion = 10.0.40219.1
Project("{FAE04EC0-301F-11D3-BF4B-00C04F79EFBC}") = "Falabella", "Falabella\Falabella.csproj", "{5A028C45-3F41-4B3F-AA35-AEAB2CFE079B}"
EndProject
Global
	GlobalSection(SolutionConfigurationPlatforms) = preSolution
		Debug|Any CPU = Debug|Any CPU
		Release|Any CPU = Release|Any CPU
	EndGlobalSection
	GlobalSection(ProjectConfigurationPlatforms) = postSolution
		{5A028C45-3F41-4B3F-AA35-AEAB2CFE079B}.Debug|Any CPU.ActiveCfg = Debug|Any CPU
		{5A028C45-3F41-4B3F-AA35-AEAB2CFE079B}.Debug|Any CPU.Build.0 = Debug|Any CPU
		{5A028C45-3F41-4B3F-AA35-AEAB2CFE079B}.Release|Any CPU.ActiveCfg = Release|Any CPU
		{5A028C45-3F41-4B3F-AA35-AEAB2CFE079B}.Release|Any CPU.Build.0 = Release|Any CPU
	EndGlobalSection
	GlobalSection(SolutionProperties) = preSolution
		HideSolutionNode = FALSE
	EndGlobalSection
	GlobalSection(ExtensibilityGlobals) = postSolution
		SolutionGuid = {1C74DC6D-70DA-4CEF-9A92-B0B8E7D767B9}
	EndGlobalSection
EndGlobal
